
Microsoft Visual Studio Solution File, Format Version 12.00
# Visual Studio Version 17
VisualStudioVersion = 17.0.31903.59
MinimumVisualStudioVersion = 10.0.40219.1
Project("{FAE04EC0-301F-11D3-BF4B-00C04F79EFBC}") = "GCA.Models", "GCA.Models\GCA.Models.csproj", "{0666F546-FBE9-4779-832F-3EA57CEFC6FA}"
EndProject
Project("{FAE04EC0-301F-11D3-BF4B-00C04F79EFBC}") = "GCA.DAL", "GCA.DAL\GCA.DAL.csproj", "{D478AE59-A98A-4E5F-BBF7-2239620D5EBE}"
EndProject
Project("{FAE04EC0-301F-11D3-BF4B-00C04F79EFBC}") = "GCA.BLL", "GCA.BLL\GCA.BLL.csproj", "{DA91717F-0191-484D-85D1-5CE2775DE536}"
EndProject
Project("{FAE04EC0-301F-11D3-BF4B-00C04F79EFBC}") = "GCA.Tests", "GCA.Tests\GCA.Tests.csproj", "{C0D29151-9B66-4CDC-B38F-54F1D98E6E9A}"
EndProject
Project("{FAE04EC0-301F-11D3-BF4B-00C04F79EFBC}") = "GCA.UI", "GCA.UI\GCA.UI.csproj", "{8324F7D6-6268-448F-92C3-93CBC34666DD}"
EndProject
Global
	GlobalSection(SolutionConfigurationPlatforms) = preSolution
		Debug|Any CPU = Debug|Any CPU
		Debug|x64 = Debug|x64
		Debug|x86 = Debug|x86
		Release|Any CPU = Release|Any CPU
		Release|x64 = Release|x64
		Release|x86 = Release|x86
	EndGlobalSection
	GlobalSection(ProjectConfigurationPlatforms) = postSolution
		{0666F546-FBE9-4779-832F-3EA57CEFC6FA}.Debug|Any CPU.ActiveCfg = Debug|Any CPU
		{0666F546-FBE9-4779-832F-3EA57CEFC6FA}.Debug|Any CPU.Build.0 = Debug|Any CPU
		{0666F546-FBE9-4779-832F-3EA57CEFC6FA}.Debug|x64.ActiveCfg = Debug|Any CPU
		{0666F546-FBE9-4779-832F-3EA57CEFC6FA}.Debug|x64.Build.0 = Debug|Any CPU
		{0666F546-FBE9-4779-832F-3EA57CEFC6FA}.Debug|x86.ActiveCfg = Debug|Any CPU
		{0666F546-FBE9-4779-832F-3EA57CEFC6FA}.Debug|x86.Build.0 = Debug|Any CPU
		{0666F546-FBE9-4779-832F-3EA57CEFC6FA}.Release|Any CPU.ActiveCfg = Release|Any CPU
		{0666F546-FBE9-4779-832F-3EA57CEFC6FA}.Release|Any CPU.Build.0 = Release|Any CPU
		{0666F546-FBE9-4779-832F-3EA57CEFC6FA}.Release|x64.ActiveCfg = Release|Any CPU
		{0666F546-FBE9-4779-832F-3EA57CEFC6FA}.Release|x64.Build.0 = Release|Any CPU
		{0666F546-FBE9-4779-832F-3EA57CEFC6FA}.Release|x86.ActiveCfg = Release|Any CPU
		{0666F546-FBE9-4779-832F-3EA57CEFC6FA}.Release|x86.Build.0 = Release|Any CPU
		{D478AE59-A98A-4E5F-BBF7-2239620D5EBE}.Debug|Any CPU.ActiveCfg = Debug|Any CPU
		{D478AE59-A98A-4E5F-BBF7-2239620D5EBE}.Debug|Any CPU.Build.0 = Debug|Any CPU
		{D478AE59-A98A-4E5F-BBF7-2239620D5EBE}.Debug|x64.ActiveCfg = Debug|Any CPU
		{D478AE59-A98A-4E5F-BBF7-2239620D5EBE}.Debug|x64.Build.0 = Debug|Any CPU
		{D478AE59-A98A-4E5F-BBF7-2239620D5EBE}.Debug|x86.ActiveCfg = Debug|Any CPU
		{D478AE59-A98A-4E5F-BBF7-2239620D5EBE}.Debug|x86.Build.0 = Debug|Any CPU
		{D478AE59-A98A-4E5F-BBF7-2239620D5EBE}.Release|Any CPU.ActiveCfg = Release|Any CPU
		{D478AE59-A98A-4E5F-BBF7-2239620D5EBE}.Release|Any CPU.Build.0 = Release|Any CPU
		{D478AE59-A98A-4E5F-BBF7-2239620D5EBE}.Release|x64.ActiveCfg = Release|Any CPU
		{D478AE59-A98A-4E5F-BBF7-2239620D5EBE}.Release|x64.Build.0 = Release|Any CPU
		{D478AE59-A98A-4E5F-BBF7-2239620D5EBE}.Release|x86.ActiveCfg = Release|Any CPU
		{D478AE59-A98A-4E5F-BBF7-2239620D5EBE}.Release|x86.Build.0 = Release|Any CPU
		{DA91717F-0191-484D-85D1-5CE2775DE536}.Debug|Any CPU.ActiveCfg = Debug|Any CPU
		{DA91717F-0191-484D-85D1-5CE2775DE536}.Debug|Any CPU.Build.0 = Debug|Any CPU
		{DA91717F-0191-484D-85D1-5CE2775DE536}.Debug|x64.ActiveCfg = Debug|Any CPU
		{DA91717F-0191-484D-85D1-5CE2775DE536}.Debug|x64.Build.0 = Debug|Any CPU
		{DA91717F-0191-484D-85D1-5CE2775DE536}.Debug|x86.ActiveCfg = Debug|Any CPU
		{DA91717F-0191-484D-85D1-5CE2775DE536}.Debug|x86.Build.0 = Debug|Any CPU
		{DA91717F-0191-484D-85D1-5CE2775DE536}.Release|Any CPU.ActiveCfg = Release|Any CPU
		{DA91717F-0191-484D-85D1-5CE2775DE536}.Release|Any CPU.Build.0 = Release|Any CPU
		{DA91717F-0191-484D-85D1-5CE2775DE536}.Release|x64.ActiveCfg = Release|Any CPU
		{DA91717F-0191-484D-85D1-5CE2775DE536}.Release|x64.Build.0 = Release|Any CPU
		{DA91717F-0191-484D-85D1-5CE2775DE536}.Release|x86.ActiveCfg = Release|Any CPU
		{DA91717F-0191-484D-85D1-5CE2775DE536}.Release|x86.Build.0 = Release|Any CPU
		{C0D29151-9B66-4CDC-B38F-54F1D98E6E9A}.Debug|Any CPU.ActiveCfg = Debug|Any CPU
		{C0D29151-9B66-4CDC-B38F-54F1D98E6E9A}.Debug|Any CPU.Build.0 = Debug|Any CPU
		{C0D29151-9B66-4CDC-B38F-54F1D98E6E9A}.Debug|x64.ActiveCfg = Debug|Any CPU
		{C0D29151-9B66-4CDC-B38F-54F1D98E6E9A}.Debug|x64.Build.0 = Debug|Any CPU
		{C0D29151-9B66-4CDC-B38F-54F1D98E6E9A}.Debug|x86.ActiveCfg = Debug|Any CPU
		{C0D29151-9B66-4CDC-B38F-54F1D98E6E9A}.Debug|x86.Build.0 = Debug|Any CPU
		{C0D29151-9B66-4CDC-B38F-54F1D98E6E9A}.Release|Any CPU.ActiveCfg = Release|Any CPU
		{C0D29151-9B66-4CDC-B38F-54F1D98E6E9A}.Release|Any CPU.Build.0 = Release|Any CPU
		{C0D29151-9B66-4CDC-B38F-54F1D98E6E9A}.Release|x64.ActiveCfg = Release|Any CPU
		{C0D29151-9B66-4CDC-B38F-54F1D98E6E9A}.Release|x64.Build.0 = Release|Any CPU
		{C0D29151-9B66-4CDC-B38F-54F1D98E6E9A}.Release|x86.ActiveCfg = Release|Any CPU
		{C0D29151-9B66-4CDC-B38F-54F1D98E6E9A}.Release|x86.Build.0 = Release|Any CPU
		{8324F7D6-6268-448F-92C3-93CBC34666DD}.Debug|Any CPU.ActiveCfg = Debug|Any CPU
		{8324F7D6-6268-448F-92C3-93CBC34666DD}.Debug|Any CPU.Build.0 = Debug|Any CPU
		{8324F7D6-6268-448F-92C3-93CBC34666DD}.Debug|x64.ActiveCfg = Debug|Any CPU
		{8324F7D6-6268-448F-92C3-93CBC34666DD}.Debug|x64.Build.0 = Debug|Any CPU
		{8324F7D6-6268-448F-92C3-93CBC34666DD}.Debug|x86.ActiveCfg = Debug|Any CPU
		{8324F7D6-6268-448F-92C3-93CBC34666DD}.Debug|x86.Build.0 = Debug|Any CPU
		{8324F7D6-6268-448F-92C3-93CBC34666DD}.Release|Any CPU.ActiveCfg = Release|Any CPU
		{8324F7D6-6268-448F-92C3-93CBC34666DD}.Release|Any CPU.Build.0 = Release|Any CPU
		{8324F7D6-6268-448F-92C3-93CBC34666DD}.Release|x64.ActiveCfg = Release|Any CPU
		{8324F7D6-6268-448F-92C3-93CBC34666DD}.Release|x64.Build.0 = Release|Any CPU
		{8324F7D6-6268-448F-92C3-93CBC34666DD}.Release|x86.ActiveCfg = Release|Any CPU
		{8324F7D6-6268-448F-92C3-93CBC34666DD}.Release|x86.Build.0 = Release|Any CPU
	EndGlobalSection
	GlobalSection(SolutionProperties) = preSolution
		HideSolutionNode = FALSE
	EndGlobalSection
EndGlobal
